
Microsoft Visual Studio Solution File, Format Version 12.00
# Visual Studio Version 17
VisualStudioVersion = 17.3.32929.385
MinimumVisualStudioVersion = 10.0.40219.1
Project("{FAE04EC0-301F-11D3-BF4B-00C04F79EFBC}") = "PeliculasAPI", "PeliculasAPI\PeliculasAPI.csproj", "{A3276331-30E5-488F-AFC3-A28354E6FEC1}"
EndProject
Global
	GlobalSection(SolutionConfigurationPlatforms) = preSolution
		Debug|Any CPU = Debug|Any CPU
		Release|Any CPU = Release|Any CPU
	EndGlobalSection
	GlobalSection(ProjectConfigurationPlatforms) = postSolution
		{A3276331-30E5-488F-AFC3-A28354E6FEC1}.Debug|Any CPU.ActiveCfg = Debug|Any CPU
		{A3276331-30E5-488F-AFC3-A28354E6FEC1}.Debug|Any CPU.Build.0 = Debug|Any CPU
		{A3276331-30E5-488F-AFC3-A28354E6FEC1}.Release|Any CPU.ActiveCfg = Release|Any CPU
		{A3276331-30E5-488F-AFC3-A28354E6FEC1}.Release|Any CPU.Build.0 = Release|Any CPU
	EndGlobalSection
	GlobalSection(SolutionProperties) = preSolution
		HideSolutionNode = FALSE
	EndGlobalSection
	GlobalSection(ExtensibilityGlobals) = postSolution
		SolutionGuid = {0548D972-0708-4ABD-A407-3C8490BF0E7E}
	EndGlobalSection
EndGlobal
